
Microsoft Visual Studio Solution File, Format Version 12.00
# Visual Studio Version 17
VisualStudioVersion = 17.14.37314.3 d17.14
MinimumVisualStudioVersion = 10.0.40219.1
Project("{54A90642-561A-4BB1-A94E-469ADEE60C69}") = "hamgamcementweb.client", "hamgamcementweb.client\hamgamcementweb.client.esproj", "{7E6E36D7-8F26-DE81-83CF-93821FD5D420}"
EndProject
Project("{FAE04EC0-301F-11D3-BF4B-00C04F79EFBC}") = "HamgamCementWeb.Server", "HamgamCementWeb.Server\HamgamCementWeb.Server.csproj", "{F2FB1983-1A78-4D9F-93AE-35DE388FDA51}"
EndProject
Global
	GlobalSection(SolutionConfigurationPlatforms) = preSolution
		Debug|Any CPU = Debug|Any CPU
		Release|Any CPU = Release|Any CPU
	EndGlobalSection
	GlobalSection(ProjectConfigurationPlatforms) = postSolution
		{7E6E36D7-8F26-DE81-83CF-93821FD5D420}.Debug|Any CPU.ActiveCfg = Debug|Any CPU
		{7E6E36D7-8F26-DE81-83CF-93821FD5D420}.Debug|Any CPU.Build.0 = Debug|Any CPU
		{7E6E36D7-8F26-DE81-83CF-93821FD5D420}.Debug|Any CPU.Deploy.0 = Debug|Any CPU
		{7E6E36D7-8F26-DE81-83CF-93821FD5D420}.Release|Any CPU.ActiveCfg = Release|Any CPU
		{7E6E36D7-8F26-DE81-83CF-93821FD5D420}.Release|Any CPU.Build.0 = Release|Any CPU
		{7E6E36D7-8F26-DE81-83CF-93821FD5D420}.Release|Any CPU.Deploy.0 = Release|Any CPU
		{F2FB1983-1A78-4D9F-93AE-35DE388FDA51}.Debug|Any CPU.ActiveCfg = Debug|Any CPU
		{F2FB1983-1A78-4D9F-93AE-35DE388FDA51}.Debug|Any CPU.Build.0 = Debug|Any CPU
		{F2FB1983-1A78-4D9F-93AE-35DE388FDA51}.Release|Any CPU.ActiveCfg = Release|Any CPU
		{F2FB1983-1A78-4D9F-93AE-35DE388FDA51}.Release|Any CPU.Build.0 = Release|Any CPU
	EndGlobalSection
	GlobalSection(SolutionProperties) = preSolution
		HideSolutionNode = FALSE
	EndGlobalSection
	GlobalSection(ExtensibilityGlobals) = postSolution
		SolutionGuid = {E85EC281-FAA5-45C3-8985-9013E43F044A}
	EndGlobalSection
EndGlobal
