{
  "name": "HamgamCementWeb",
  "lockfileVersion": 3,
  "requires": true,
  "packages": {
    "": {
      "dependencies": {
        "stimulsoft-reports-js-react": "^2026.2.4"
      }
    },
    "node_modules/react": {
      "version": "19.2.7",
      "resolved": "https://registry.npmjs.org/react/-/react-19.2.7.tgz",
      "integrity": "sha512-HNe9WslTbXmFK8o8cmwgAeJFSBvt1bPdHCVKtaaV+WlAN36mpT4hcRpwbf3fY56ar2oIXzsBpOAiIRHAdY0OlQ==",
      "license": "MIT",
      "engines": {
        "node": ">=0.10.0"
      }
    },
    "node_modules/stimulsoft-reports-js-react": {
      "version": "2026.2.4",
      "resolved": "https://registry.npmjs.org/stimulsoft-reports-js-react/-/stimulsoft-reports-js-react-2026.2.4.tgz",
      "integrity": "sha512-MFwsoVnia3qsMer9ujCUqCABUtSGDRQra0P3wokRp/cZpvJI0kk6i6Ddoy6G7JYgrFwed0hbSjsxMv/u9YPYow==",
      "license": "Closed Source",
      "dependencies": {
        "react": "^19.0.0"
      }
    }
  }
}
